
Microsoft Visual Studio Solution File, Format Version 12.00
# Visual Studio Version 17
VisualStudioVersion = 17.7.34009.444
MinimumVisualStudioVersion = 10.0.40219.1
Project("{2150E333-8FDC-42A3-9474-1A3956D46DE8}") = "1. Week", "1. Week", "{B556D43C-4957-46EF-A69F-4BD207F9716F}"
	ProjectSection(SolutionItems) = preProject
		Homework.txt = Homework.txt
	EndProjectSection
EndProject
Project("{FAE04EC0-301F-11D3-BF4B-00C04F79EFBC}") = "newTutorial", "1. Week\newTutorial\newTutorial.csproj", "{79D2B24B-2758-4736-85DA-D30604FAC8AD}"
EndProject
Project("{FAE04EC0-301F-11D3-BF4B-00C04F79EFBC}") = "Variables", "Variables\Variables.csproj", "{D34FBB27-1F3E-4EC3-A067-3FC7534C4714}"
EndProject
Project("{FAE04EC0-301F-11D3-BF4B-00C04F79EFBC}") = "Encapsulation", "1. Week\Encapsulation\Encapsulation.csproj", "{67387009-7C91-4CCC-B7FE-9B2522738616}"
EndProject
Project("{FAE04EC0-301F-11D3-BF4B-00C04F79EFBC}") = "OperatorTutorial", "1. Week\OperatorTutorial\OperatorTutorial.csproj", "{A9C65E05-14A4-4255-8B03-ACD6338D2222}"
EndProject
Project("{FAE04EC0-301F-11D3-BF4B-00C04F79EFBC}") = "Tutorial", "Tutorial\Tutorial.csproj", "{6D2B59BD-A38A-4E3D-BEB9-6DF2CE8289BA}"
EndProject
Project("{FAE04EC0-301F-11D3-BF4B-00C04F79EFBC}") = "ArrayTutorial", "1. Week\ArrayTutorial\ArrayTutorial.csproj", "{D045A7C0-795B-4CF3-AA29-F3215515437D}"
EndProject
Project("{FAE04EC0-301F-11D3-BF4B-00C04F79EFBC}") = "TimeTutorial", "1. Week\TimeTutorial\TimeTutorial.csproj", "{F639A7C8-A565-4205-99C4-E82143C9C83A}"
EndProject
Project("{FAE04EC0-301F-11D3-BF4B-00C04F79EFBC}") = "FirstWeekHomework", "1. Week\FirstWeekHomework\FirstWeekHomework.csproj", "{7D30FE7D-5A9D-406D-8FF6-4E0942761FEE}"
EndProject
Project("{FAE04EC0-301F-11D3-BF4B-00C04F79EFBC}") = "UserLogin", "1. Week\UserLogin\UserLogin.csproj", "{4CF8AC28-49D1-476D-A3C3-C8F60A2B71DE}"
EndProject
Project("{FAE04EC0-301F-11D3-BF4B-00C04F79EFBC}") = "LogisticsConsoleAutomation", "1. Week\LogisticsConsoleAutomation\LogisticsConsoleAutomation.csproj", "{84162E14-8D87-4846-9A6B-3DA0F1F9F3A4}"
EndProject
Project("{2150E333-8FDC-42A3-9474-1A3956D46DE8}") = "2. Week", "2. Week", "{5DE12BCA-7818-4F92-BF64-5CAC3467F419}"
	ProjectSection(SolutionItems) = preProject
		Homework2.txt = Homework2.txt
	EndProjectSection
EndProject
Project("{FAE04EC0-301F-11D3-BF4B-00C04F79EFBC}") = "EmployeeOvertimeTracking", "2. Week\EmployeeOvertimeTracking\EmployeeOvertimeTracking.csproj", "{56D89643-0E33-41F8-9F92-315862B8EC83}"
EndProject
Project("{FAE04EC0-301F-11D3-BF4B-00C04F79EFBC}") = "InheritanceTutorial", "2. Week\InheritanceTutorial\InheritanceTutorial.csproj", "{2ED175A2-CD8F-4D49-B82A-A2506147DEB7}"
EndProject
Project("{FAE04EC0-301F-11D3-BF4B-00C04F79EFBC}") = "InheritanceExample", "2. Week\InheritanceExample\InheritanceExample.csproj", "{DBF4B93C-0EF3-490B-BD42-23066A69E227}"
EndProject
Project("{FAE04EC0-301F-11D3-BF4B-00C04F79EFBC}") = "CompanyMiniProject", "2. Week\CompanyMiniProject\CompanyMiniProject.csproj", "{AB20A4BB-0FF8-42CC-B96B-4E5C3A072433}"
EndProject
Project("{FAE04EC0-301F-11D3-BF4B-00C04F79EFBC}") = "AccessModifiers", "2. Week\AccessModifiers\AccessModifiers.csproj", "{0658D1E5-D795-4186-8689-1E76A47987BB}"
EndProject
Project("{FAE04EC0-301F-11D3-BF4B-00C04F79EFBC}") = "MethodOverloading", "2. Week\MethodOverloading\MethodOverloading.csproj", "{7C670CC6-56D0-4723-B5F6-AFA78ED8A80E}"
EndProject
Project("{FAE04EC0-301F-11D3-BF4B-00C04F79EFBC}") = "Generic", "2. Week\Generic\Generic.csproj", "{0EA01B8D-6916-43B2-A50E-A01B45212996}"
EndProject
Project("{FAE04EC0-301F-11D3-BF4B-00C04F79EFBC}") = "GenericStack", "2. Week\GenericStack\GenericStack.csproj", "{69D0A5EC-1C5A-4A1B-8194-8401BBA55A77}"
EndProject
Project("{FAE04EC0-301F-11D3-BF4B-00C04F79EFBC}") = "Delegates", "2. Week\Delegates\Delegates.csproj", "{9F9F8A8E-1355-4D8D-BD55-18961765FB04}"
EndProject
Project("{FAE04EC0-301F-11D3-BF4B-00C04F79EFBC}") = "Event", "2. Week\Event\Event.csproj", "{25AC4C31-B815-4877-90B3-83ACAD1E7A37}"
EndProject
Project("{FAE04EC0-301F-11D3-BF4B-00C04F79EFBC}") = "RestaurantAutomation", "2. Week\RestaurantAutomation\RestaurantAutomation.csproj", "{349D4A6A-924A-41D6-BF19-F891D082F322}"
EndProject
Project("{FAE04EC0-301F-11D3-BF4B-00C04F79EFBC}") = "TryCatchTutorial", "2. Week\TryCatchTutorial\TryCatchTutorial.csproj", "{3A67CB99-8619-48B7-B583-4C067D4940CF}"
EndProject
Project("{FAE04EC0-301F-11D3-BF4B-00C04F79EFBC}") = "Filing", "2. Week\Filing\Filing.csproj", "{6775992D-8625-421C-A248-7A60697A26C3}"
EndProject
Project("{FAE04EC0-301F-11D3-BF4B-00C04F79EFBC}") = "FolderFile", "2. Week\FolderFile\FolderFile.csproj", "{1A1C58E1-2B6D-4FFB-9A87-EC2B589E4D23}"
EndProject
Project("{FAE04EC0-301F-11D3-BF4B-00C04F79EFBC}") = "DataProcessing", "2. Week\DataProcessing\DataProcessing.csproj", "{4E676C7B-BF16-4D91-B87A-1E59A7C6580B}"
EndProject
Project("{FAE04EC0-301F-11D3-BF4B-00C04F79EFBC}") = "GasStationAutomation", "2. Week\GasStationAutomation\GasStationAutomation.csproj", "{DE8E0C70-CA3B-44E1-A507-3519799E4A03}"
EndProject
Project("{2150E333-8FDC-42A3-9474-1A3956D46DE8}") = "3. Week", "3. Week", "{61FFFBEE-E9FE-44CA-B46C-8B35B7EFCE51}"
	ProjectSection(SolutionItems) = preProject
		Homework3.txt = Homework3.txt
	EndProjectSection
EndProject
Project("{FAE04EC0-301F-11D3-BF4B-00C04F79EFBC}") = "ExcelTutorial", "3. Week\ExcelTutorial\ExcelTutorial.csproj", "{B24CDFE2-9BC7-49AC-B4CE-8AD1FB2C5E4F}"
EndProject
Project("{FAE04EC0-301F-11D3-BF4B-00C04F79EFBC}") = "ExcelTutorial2", "3. Week\ExcelTutorial2\ExcelTutorial2.csproj", "{3EE26000-B9AD-419A-A587-0B5D3A4438C4}"
EndProject
Project("{FAE04EC0-301F-11D3-BF4B-00C04F79EFBC}") = "VehicleFleet", "3. Week\VehicleFleet\VehicleFleet.csproj", "{AAC38C34-B74F-49FE-A9C2-E05845CE2065}"
EndProject
Project("{FAE04EC0-301F-11D3-BF4B-00C04F79EFBC}") = "FormOneTutorial", "3. Week\FormOneTutorial\FormOneTutorial.csproj", "{B73E55A9-94C0-4C16-BDD5-061DD661878B}"
EndProject
Project("{FAE04EC0-301F-11D3-BF4B-00C04F79EFBC}") = "UserTutorial", "3. Week\UserTutorial\UserTutorial.csproj", "{DBF5800D-10AA-425A-AAA0-8ED00CE4DDB4}"
EndProject
Project("{FAE04EC0-301F-11D3-BF4B-00C04F79EFBC}") = "GasStationAutomation", "3. Week\GasStationAutomation\GasStationAutomation.csproj", "{A1698EDC-55A5-4385-8722-47EA2992E06B}"
EndProject
Global
	GlobalSection(SolutionConfigurationPlatforms) = preSolution
		Debug|Any CPU = Debug|Any CPU
		Release|Any CPU = Release|Any CPU
	EndGlobalSection
	GlobalSection(ProjectConfigurationPlatforms) = postSolution
		{79D2B24B-2758-4736-85DA-D30604FAC8AD}.Debug|Any CPU.ActiveCfg = Debug|Any CPU
		{79D2B24B-2758-4736-85DA-D30604FAC8AD}.Debug|Any CPU.Build.0 = Debug|Any CPU
		{79D2B24B-2758-4736-85DA-D30604FAC8AD}.Release|Any CPU.ActiveCfg = Release|Any CPU
		{79D2B24B-2758-4736-85DA-D30604FAC8AD}.Release|Any CPU.Build.0 = Release|Any CPU
		{D34FBB27-1F3E-4EC3-A067-3FC7534C4714}.Debug|Any CPU.ActiveCfg = Debug|Any CPU
		{D34FBB27-1F3E-4EC3-A067-3FC7534C4714}.Debug|Any CPU.Build.0 = Debug|Any CPU
		{D34FBB27-1F3E-4EC3-A067-3FC7534C4714}.Release|Any CPU.ActiveCfg = Release|Any CPU
		{D34FBB27-1F3E-4EC3-A067-3FC7534C4714}.Release|Any CPU.Build.0 = Release|Any CPU
		{67387009-7C91-4CCC-B7FE-9B2522738616}.Debug|Any CPU.ActiveCfg = Debug|Any CPU
		{67387009-7C91-4CCC-B7FE-9B2522738616}.Debug|Any CPU.Build.0 = Debug|Any CPU
		{67387009-7C91-4CCC-B7FE-9B2522738616}.Release|Any CPU.ActiveCfg = Release|Any CPU
		{67387009-7C91-4CCC-B7FE-9B2522738616}.Release|Any CPU.Build.0 = Release|Any CPU
		{A9C65E05-14A4-4255-8B03-ACD6338D2222}.Debug|Any CPU.ActiveCfg = Debug|Any CPU
		{A9C65E05-14A4-4255-8B03-ACD6338D2222}.Debug|Any CPU.Build.0 = Debug|Any CPU
		{A9C65E05-14A4-4255-8B03-ACD6338D2222}.Release|Any CPU.ActiveCfg = Release|Any CPU
		{A9C65E05-14A4-4255-8B03-ACD6338D2222}.Release|Any CPU.Build.0 = Release|Any CPU
		{6D2B59BD-A38A-4E3D-BEB9-6DF2CE8289BA}.Debug|Any CPU.ActiveCfg = Debug|Any CPU
		{6D2B59BD-A38A-4E3D-BEB9-6DF2CE8289BA}.Debug|Any CPU.Build.0 = Debug|Any CPU
		{6D2B59BD-A38A-4E3D-BEB9-6DF2CE8289BA}.Release|Any CPU.ActiveCfg = Release|Any CPU
		{6D2B59BD-A38A-4E3D-BEB9-6DF2CE8289BA}.Release|Any CPU.Build.0 = Release|Any CPU
		{D045A7C0-795B-4CF3-AA29-F3215515437D}.Debug|Any CPU.ActiveCfg = Debug|Any CPU
		{D045A7C0-795B-4CF3-AA29-F3215515437D}.Debug|Any CPU.Build.0 = Debug|Any CPU
		{D045A7C0-795B-4CF3-AA29-F3215515437D}.Release|Any CPU.ActiveCfg = Release|Any CPU
		{D045A7C0-795B-4CF3-AA29-F3215515437D}.Release|Any CPU.Build.0 = Release|Any CPU
		{F639A7C8-A565-4205-99C4-E82143C9C83A}.Debug|Any CPU.ActiveCfg = Debug|Any CPU
		{F639A7C8-A565-4205-99C4-E82143C9C83A}.Debug|Any CPU.Build.0 = Debug|Any CPU
		{F639A7C8-A565-4205-99C4-E82143C9C83A}.Release|Any CPU.ActiveCfg = Release|Any CPU
		{F639A7C8-A565-4205-99C4-E82143C9C83A}.Release|Any CPU.Build.0 = Release|Any CPU
		{7D30FE7D-5A9D-406D-8FF6-4E0942761FEE}.Debug|Any CPU.ActiveCfg = Debug|Any CPU
		{7D30FE7D-5A9D-406D-8FF6-4E0942761FEE}.Debug|Any CPU.Build.0 = Debug|Any CPU
		{7D30FE7D-5A9D-406D-8FF6-4E0942761FEE}.Release|Any CPU.ActiveCfg = Release|Any CPU
		{7D30FE7D-5A9D-406D-8FF6-4E0942761FEE}.Release|Any CPU.Build.0 = Release|Any CPU
		{4CF8AC28-49D1-476D-A3C3-C8F60A2B71DE}.Debug|Any CPU.ActiveCfg = Debug|Any CPU
		{4CF8AC28-49D1-476D-A3C3-C8F60A2B71DE}.Debug|Any CPU.Build.0 = Debug|Any CPU
		{4CF8AC28-49D1-476D-A3C3-C8F60A2B71DE}.Release|Any CPU.ActiveCfg = Release|Any CPU
		{4CF8AC28-49D1-476D-A3C3-C8F60A2B71DE}.Release|Any CPU.Build.0 = Release|Any CPU
		{84162E14-8D87-4846-9A6B-3DA0F1F9F3A4}.Debug|Any CPU.ActiveCfg = Debug|Any CPU
		{84162E14-8D87-4846-9A6B-3DA0F1F9F3A4}.Debug|Any CPU.Build.0 = Debug|Any CPU
		{84162E14-8D87-4846-9A6B-3DA0F1F9F3A4}.Release|Any CPU.ActiveCfg = Release|Any CPU
		{84162E14-8D87-4846-9A6B-3DA0F1F9F3A4}.Release|Any CPU.Build.0 = Release|Any CPU
		{56D89643-0E33-41F8-9F92-315862B8EC83}.Debug|Any CPU.ActiveCfg = Debug|Any CPU
		{56D89643-0E33-41F8-9F92-315862B8EC83}.Debug|Any CPU.Build.0 = Debug|Any CPU
		{56D89643-0E33-41F8-9F92-315862B8EC83}.Release|Any CPU.ActiveCfg = Release|Any CPU
		{56D89643-0E33-41F8-9F92-315862B8EC83}.Release|Any CPU.Build.0 = Release|Any CPU
		{2ED175A2-CD8F-4D49-B82A-A2506147DEB7}.Debug|Any CPU.ActiveCfg = Debug|Any CPU
		{2ED175A2-CD8F-4D49-B82A-A2506147DEB7}.Debug|Any CPU.Build.0 = Debug|Any CPU
		{2ED175A2-CD8F-4D49-B82A-A2506147DEB7}.Release|Any CPU.ActiveCfg = Release|Any CPU
		{2ED175A2-CD8F-4D49-B82A-A2506147DEB7}.Release|Any CPU.Build.0 = Release|Any CPU
		{DBF4B93C-0EF3-490B-BD42-23066A69E227}.Debug|Any CPU.ActiveCfg = Debug|Any CPU
		{DBF4B93C-0EF3-490B-BD42-23066A69E227}.Debug|Any CPU.Build.0 = Debug|Any CPU
		{DBF4B93C-0EF3-490B-BD42-23066A69E227}.Release|Any CPU.ActiveCfg = Release|Any CPU
		{DBF4B93C-0EF3-490B-BD42-23066A69E227}.Release|Any CPU.Build.0 = Release|Any CPU
		{AB20A4BB-0FF8-42CC-B96B-4E5C3A072433}.Debug|Any CPU.ActiveCfg = Debug|Any CPU
		{AB20A4BB-0FF8-42CC-B96B-4E5C3A072433}.Debug|Any CPU.Build.0 = Debug|Any CPU
		{AB20A4BB-0FF8-42CC-B96B-4E5C3A072433}.Release|Any CPU.ActiveCfg = Release|Any CPU
		{AB20A4BB-0FF8-42CC-B96B-4E5C3A072433}.Release|Any CPU.Build.0 = Release|Any CPU
		{0658D1E5-D795-4186-8689-1E76A47987BB}.Debug|Any CPU.ActiveCfg = Debug|Any CPU
		{0658D1E5-D795-4186-8689-1E76A47987BB}.Debug|Any CPU.Build.0 = Debug|Any CPU
		{0658D1E5-D795-4186-8689-1E76A47987BB}.Release|Any CPU.ActiveCfg = Release|Any CPU
		{0658D1E5-D795-4186-8689-1E76A47987BB}.Release|Any CPU.Build.0 = Release|Any CPU
		{7C670CC6-56D0-4723-B5F6-AFA78ED8A80E}.Debug|Any CPU.ActiveCfg = Debug|Any CPU
		{7C670CC6-56D0-4723-B5F6-AFA78ED8A80E}.Debug|Any CPU.Build.0 = Debug|Any CPU
		{7C670CC6-56D0-4723-B5F6-AFA78ED8A80E}.Release|Any CPU.ActiveCfg = Release|Any CPU
		{7C670CC6-56D0-4723-B5F6-AFA78ED8A80E}.Release|Any CPU.Build.0 = Release|Any CPU
		{0EA01B8D-6916-43B2-A50E-A01B45212996}.Debug|Any CPU.ActiveCfg = Debug|Any CPU
		{0EA01B8D-6916-43B2-A50E-A01B45212996}.Debug|Any CPU.Build.0 = Debug|Any CPU
		{0EA01B8D-6916-43B2-A50E-A01B45212996}.Release|Any CPU.ActiveCfg = Release|Any CPU
		{0EA01B8D-6916-43B2-A50E-A01B45212996}.Release|Any CPU.Build.0 = Release|Any CPU
		{69D0A5EC-1C5A-4A1B-8194-8401BBA55A77}.Debug|Any CPU.ActiveCfg = Debug|Any CPU
		{69D0A5EC-1C5A-4A1B-8194-8401BBA55A77}.Debug|Any CPU.Build.0 = Debug|Any CPU
		{69D0A5EC-1C5A-4A1B-8194-8401BBA55A77}.Release|Any CPU.ActiveCfg = Release|Any CPU
		{69D0A5EC-1C5A-4A1B-8194-8401BBA55A77}.Release|Any CPU.Build.0 = Release|Any CPU
		{9F9F8A8E-1355-4D8D-BD55-18961765FB04}.Debug|Any CPU.ActiveCfg = Debug|Any CPU
		{9F9F8A8E-1355-4D8D-BD55-18961765FB04}.Debug|Any CPU.Build.0 = Debug|Any CPU
		{9F9F8A8E-1355-4D8D-BD55-18961765FB04}.Release|Any CPU.ActiveCfg = Release|Any CPU
		{9F9F8A8E-1355-4D8D-BD55-18961765FB04}.Release|Any CPU.Build.0 = Release|Any CPU
		{25AC4C31-B815-4877-90B3-83ACAD1E7A37}.Debug|Any CPU.ActiveCfg = Debug|Any CPU
		{25AC4C31-B815-4877-90B3-83ACAD1E7A37}.Debug|Any CPU.Build.0 = Debug|Any CPU
		{25AC4C31-B815-4877-90B3-83ACAD1E7A37}.Release|Any CPU.ActiveCfg = Release|Any CPU
		{25AC4C31-B815-4877-90B3-83ACAD1E7A37}.Release|Any CPU.Build.0 = Release|Any CPU
		{349D4A6A-924A-41D6-BF19-F891D082F322}.Debug|Any CPU.ActiveCfg = Debug|Any CPU
		{349D4A6A-924A-41D6-BF19-F891D082F322}.Debug|Any CPU.Build.0 = Debug|Any CPU
		{349D4A6A-924A-41D6-BF19-F891D082F322}.Release|Any CPU.ActiveCfg = Release|Any CPU
		{349D4A6A-924A-41D6-BF19-F891D082F322}.Release|Any CPU.Build.0 = Release|Any CPU
		{3A67CB99-8619-48B7-B583-4C067D4940CF}.Debug|Any CPU.ActiveCfg = Debug|Any CPU
		{3A67CB99-8619-48B7-B583-4C067D4940CF}.Debug|Any CPU.Build.0 = Debug|Any CPU
		{3A67CB99-8619-48B7-B583-4C067D4940CF}.Release|Any CPU.ActiveCfg = Release|Any CPU
		{3A67CB99-8619-48B7-B583-4C067D4940CF}.Release|Any CPU.Build.0 = Release|Any CPU
		{6775992D-8625-421C-A248-7A60697A26C3}.Debug|Any CPU.ActiveCfg = Debug|Any CPU
		{6775992D-8625-421C-A248-7A60697A26C3}.Debug|Any CPU.Build.0 = Debug|Any CPU
		{6775992D-8625-421C-A248-7A60697A26C3}.Release|Any CPU.ActiveCfg = Release|Any CPU
		{6775992D-8625-421C-A248-7A60697A26C3}.Release|Any CPU.Build.0 = Release|Any CPU
		{1A1C58E1-2B6D-4FFB-9A87-EC2B589E4D23}.Debug|Any CPU.ActiveCfg = Debug|Any CPU
		{1A1C58E1-2B6D-4FFB-9A87-EC2B589E4D23}.Debug|Any CPU.Build.0 = Debug|Any CPU
		{1A1C58E1-2B6D-4FFB-9A87-EC2B589E4D23}.Release|Any CPU.ActiveCfg = Release|Any CPU
		{1A1C58E1-2B6D-4FFB-9A87-EC2B589E4D23}.Release|Any CPU.Build.0 = Release|Any CPU
		{4E676C7B-BF16-4D91-B87A-1E59A7C6580B}.Debug|Any CPU.ActiveCfg = Debug|Any CPU
		{4E676C7B-BF16-4D91-B87A-1E59A7C6580B}.Debug|Any CPU.Build.0 = Debug|Any CPU
		{4E676C7B-BF16-4D91-B87A-1E59A7C6580B}.Release|Any CPU.ActiveCfg = Release|Any CPU
		{4E676C7B-BF16-4D91-B87A-1E59A7C6580B}.Release|Any CPU.Build.0 = Release|Any CPU
		{DE8E0C70-CA3B-44E1-A507-3519799E4A03}.Debug|Any CPU.ActiveCfg = Debug|Any CPU
		{DE8E0C70-CA3B-44E1-A507-3519799E4A03}.Debug|Any CPU.Build.0 = Debug|Any CPU
		{DE8E0C70-CA3B-44E1-A507-3519799E4A03}.Release|Any CPU.ActiveCfg = Release|Any CPU
		{DE8E0C70-CA3B-44E1-A507-3519799E4A03}.Release|Any CPU.Build.0 = Release|Any CPU
		{B24CDFE2-9BC7-49AC-B4CE-8AD1FB2C5E4F}.Debug|Any CPU.ActiveCfg = Debug|Any CPU
		{B24CDFE2-9BC7-49AC-B4CE-8AD1FB2C5E4F}.Debug|Any CPU.Build.0 = Debug|Any CPU
		{B24CDFE2-9BC7-49AC-B4CE-8AD1FB2C5E4F}.Release|Any CPU.ActiveCfg = Release|Any CPU
		{B24CDFE2-9BC7-49AC-B4CE-8AD1FB2C5E4F}.Release|Any CPU.Build.0 = Release|Any CPU
		{3EE26000-B9AD-419A-A587-0B5D3A4438C4}.Debug|Any CPU.ActiveCfg = Debug|Any CPU
		{3EE26000-B9AD-419A-A587-0B5D3A4438C4}.Debug|Any CPU.Build.0 = Debug|Any CPU
		{3EE26000-B9AD-419A-A587-0B5D3A4438C4}.Release|Any CPU.ActiveCfg = Release|Any CPU
		{3EE26000-B9AD-419A-A587-0B5D3A4438C4}.Release|Any CPU.Build.0 = Release|Any CPU
		{AAC38C34-B74F-49FE-A9C2-E05845CE2065}.Debug|Any CPU.ActiveCfg = Debug|Any CPU
		{AAC38C34-B74F-49FE-A9C2-E05845CE2065}.Debug|Any CPU.Build.0 = Debug|Any CPU
		{AAC38C34-B74F-49FE-A9C2-E05845CE2065}.Release|Any CPU.ActiveCfg = Release|Any CPU
		{AAC38C34-B74F-49FE-A9C2-E05845CE2065}.Release|Any CPU.Build.0 = Release|Any CPU
		{B73E55A9-94C0-4C16-BDD5-061DD661878B}.Debug|Any CPU.ActiveCfg = Debug|Any CPU
		{B73E55A9-94C0-4C16-BDD5-061DD661878B}.Debug|Any CPU.Build.0 = Debug|Any CPU
		{B73E55A9-94C0-4C16-BDD5-061DD661878B}.Release|Any CPU.ActiveCfg = Release|Any CPU
		{B73E55A9-94C0-4C16-BDD5-061DD661878B}.Release|Any CPU.Build.0 = Release|Any CPU
		{DBF5800D-10AA-425A-AAA0-8ED00CE4DDB4}.Debug|Any CPU.ActiveCfg = Debug|Any CPU
		{DBF5800D-10AA-425A-AAA0-8ED00CE4DDB4}.Debug|Any CPU.Build.0 = Debug|Any CPU
		{DBF5800D-10AA-425A-AAA0-8ED00CE4DDB4}.Release|Any CPU.ActiveCfg = Release|Any CPU
		{DBF5800D-10AA-425A-AAA0-8ED00CE4DDB4}.Release|Any CPU.Build.0 = Release|Any CPU
		{A1698EDC-55A5-4385-8722-47EA2992E06B}.Debug|Any CPU.ActiveCfg = Debug|Any CPU
		{A1698EDC-55A5-4385-8722-47EA2992E06B}.Debug|Any CPU.Build.0 = Debug|Any CPU
		{A1698EDC-55A5-4385-8722-47EA2992E06B}.Release|Any CPU.ActiveCfg = Release|Any CPU
		{A1698EDC-55A5-4385-8722-47EA2992E06B}.Release|Any CPU.Build.0 = Release|Any CPU
	EndGlobalSection
	GlobalSection(SolutionProperties) = preSolution
		HideSolutionNode = FALSE
	EndGlobalSection
	GlobalSection(NestedProjects) = preSolution
		{79D2B24B-2758-4736-85DA-D30604FAC8AD} = {B556D43C-4957-46EF-A69F-4BD207F9716F}
		{D34FBB27-1F3E-4EC3-A067-3FC7534C4714} = {B556D43C-4957-46EF-A69F-4BD207F9716F}
		{67387009-7C91-4CCC-B7FE-9B2522738616} = {B556D43C-4957-46EF-A69F-4BD207F9716F}
		{A9C65E05-14A4-4255-8B03-ACD6338D2222} = {B556D43C-4957-46EF-A69F-4BD207F9716F}
		{6D2B59BD-A38A-4E3D-BEB9-6DF2CE8289BA} = {B556D43C-4957-46EF-A69F-4BD207F9716F}
		{D045A7C0-795B-4CF3-AA29-F3215515437D} = {B556D43C-4957-46EF-A69F-4BD207F9716F}
		{F639A7C8-A565-4205-99C4-E82143C9C83A} = {B556D43C-4957-46EF-A69F-4BD207F9716F}
		{7D30FE7D-5A9D-406D-8FF6-4E0942761FEE} = {B556D43C-4957-46EF-A69F-4BD207F9716F}
		{4CF8AC28-49D1-476D-A3C3-C8F60A2B71DE} = {B556D43C-4957-46EF-A69F-4BD207F9716F}
		{84162E14-8D87-4846-9A6B-3DA0F1F9F3A4} = {B556D43C-4957-46EF-A69F-4BD207F9716F}
		{56D89643-0E33-41F8-9F92-315862B8EC83} = {5DE12BCA-7818-4F92-BF64-5CAC3467F419}
		{2ED175A2-CD8F-4D49-B82A-A2506147DEB7} = {5DE12BCA-7818-4F92-BF64-5CAC3467F419}
		{DBF4B93C-0EF3-490B-BD42-23066A69E227} = {5DE12BCA-7818-4F92-BF64-5CAC3467F419}
		{AB20A4BB-0FF8-42CC-B96B-4E5C3A072433} = {5DE12BCA-7818-4F92-BF64-5CAC3467F419}
		{0658D1E5-D795-4186-8689-1E76A47987BB} = {5DE12BCA-7818-4F92-BF64-5CAC3467F419}
		{7C670CC6-56D0-4723-B5F6-AFA78ED8A80E} = {5DE12BCA-7818-4F92-BF64-5CAC3467F419}
		{0EA01B8D-6916-43B2-A50E-A01B45212996} = {5DE12BCA-7818-4F92-BF64-5CAC3467F419}
		{69D0A5EC-1C5A-4A1B-8194-8401BBA55A77} = {5DE12BCA-7818-4F92-BF64-5CAC3467F419}
		{9F9F8A8E-1355-4D8D-BD55-18961765FB04} = {5DE12BCA-7818-4F92-BF64-5CAC3467F419}
		{25AC4C31-B815-4877-90B3-83ACAD1E7A37} = {5DE12BCA-7818-4F92-BF64-5CAC3467F419}
		{349D4A6A-924A-41D6-BF19-F891D082F322} = {5DE12BCA-7818-4F92-BF64-5CAC3467F419}
		{3A67CB99-8619-48B7-B583-4C067D4940CF} = {5DE12BCA-7818-4F92-BF64-5CAC3467F419}
		{6775992D-8625-421C-A248-7A60697A26C3} = {5DE12BCA-7818-4F92-BF64-5CAC3467F419}
		{1A1C58E1-2B6D-4FFB-9A87-EC2B589E4D23} = {5DE12BCA-7818-4F92-BF64-5CAC3467F419}
		{4E676C7B-BF16-4D91-B87A-1E59A7C6580B} = {5DE12BCA-7818-4F92-BF64-5CAC3467F419}
		{DE8E0C70-CA3B-44E1-A507-3519799E4A03} = {5DE12BCA-7818-4F92-BF64-5CAC3467F419}
		{B24CDFE2-9BC7-49AC-B4CE-8AD1FB2C5E4F} = {61FFFBEE-E9FE-44CA-B46C-8B35B7EFCE51}
		{3EE26000-B9AD-419A-A587-0B5D3A4438C4} = {61FFFBEE-E9FE-44CA-B46C-8B35B7EFCE51}
		{AAC38C34-B74F-49FE-A9C2-E05845CE2065} = {61FFFBEE-E9FE-44CA-B46C-8B35B7EFCE51}
		{B73E55A9-94C0-4C16-BDD5-061DD661878B} = {61FFFBEE-E9FE-44CA-B46C-8B35B7EFCE51}
		{DBF5800D-10AA-425A-AAA0-8ED00CE4DDB4} = {61FFFBEE-E9FE-44CA-B46C-8B35B7EFCE51}
		{A1698EDC-55A5-4385-8722-47EA2992E06B} = {61FFFBEE-E9FE-44CA-B46C-8B35B7EFCE51}
	EndGlobalSection
	GlobalSection(ExtensibilityGlobals) = postSolution
		SolutionGuid = {E751FD3C-8315-49D2-B09C-8C2D8FAEBE4A}
	EndGlobalSection
EndGlobal
